
Microsoft Visual Studio Solution File, Format Version 12.00
# Visual Studio Version 17
VisualStudioVersion = 17.10.34928.147
MinimumVisualStudioVersion = 10.0.40219.1
Project("{FAE04EC0-301F-11D3-BF4B-00C04F79EFBC}") = "bai2LT", "bai2LT\bai2LT.csproj", "{BB61FD77-07B6-4F83-AB66-35CB783147E1}"
EndProject
Global
	GlobalSection(SolutionConfigurationPlatforms) = preSolution
		Debug|Any CPU = Debug|Any CPU
		Release|Any CPU = Release|Any CPU
	EndGlobalSection
	GlobalSection(ProjectConfigurationPlatforms) = postSolution
		{BB61FD77-07B6-4F83-AB66-35CB783147E1}.Debug|Any CPU.ActiveCfg = Debug|Any CPU
		{BB61FD77-07B6-4F83-AB66-35CB783147E1}.Debug|Any CPU.Build.0 = Debug|Any CPU
		{BB61FD77-07B6-4F83-AB66-35CB783147E1}.Release|Any CPU.ActiveCfg = Release|Any CPU
		{BB61FD77-07B6-4F83-AB66-35CB783147E1}.Release|Any CPU.Build.0 = Release|Any CPU
	EndGlobalSection
	GlobalSection(SolutionProperties) = preSolution
		HideSolutionNode = FALSE
	EndGlobalSection
	GlobalSection(ExtensibilityGlobals) = postSolution
		SolutionGuid = {25878B5E-144E-461C-B5BF-8033CF0FA925}
	EndGlobalSection
EndGlobal
