
Microsoft Visual Studio Solution File, Format Version 12.00
# Visual Studio Version 17
VisualStudioVersion = 17.10.34928.147
MinimumVisualStudioVersion = 10.0.40219.1
Project("{FAE04EC0-301F-11D3-BF4B-00C04F79EFBC}") = "bai18", "bai18\bai18.csproj", "{53CE29F4-9EAF-492E-B355-AADB68F6B908}"
EndProject
Global
	GlobalSection(SolutionConfigurationPlatforms) = preSolution
		Debug|Any CPU = Debug|Any CPU
		Release|Any CPU = Release|Any CPU
	EndGlobalSection
	GlobalSection(ProjectConfigurationPlatforms) = postSolution
		{53CE29F4-9EAF-492E-B355-AADB68F6B908}.Debug|Any CPU.ActiveCfg = Debug|Any CPU
		{53CE29F4-9EAF-492E-B355-AADB68F6B908}.Debug|Any CPU.Build.0 = Debug|Any CPU
		{53CE29F4-9EAF-492E-B355-AADB68F6B908}.Release|Any CPU.ActiveCfg = Release|Any CPU
		{53CE29F4-9EAF-492E-B355-AADB68F6B908}.Release|Any CPU.Build.0 = Release|Any CPU
	EndGlobalSection
	GlobalSection(SolutionProperties) = preSolution
		HideSolutionNode = FALSE
	EndGlobalSection
	GlobalSection(ExtensibilityGlobals) = postSolution
		SolutionGuid = {873F18D9-96E9-440A-BF86-8E2ED9A4DCA1}
	EndGlobalSection
EndGlobal
