
Microsoft Visual Studio Solution File, Format Version 12.00
# Visual Studio Version 17
VisualStudioVersion = 17.10.34928.147
MinimumVisualStudioVersion = 10.0.40219.1
Project("{FAE04EC0-301F-11D3-BF4B-00C04F79EFBC}") = "bai16", "bai16\bai16.csproj", "{1803DBFC-89A4-47A0-A311-31C6164158FE}"
EndProject
Global
	GlobalSection(SolutionConfigurationPlatforms) = preSolution
		Debug|Any CPU = Debug|Any CPU
		Release|Any CPU = Release|Any CPU
	EndGlobalSection
	GlobalSection(ProjectConfigurationPlatforms) = postSolution
		{1803DBFC-89A4-47A0-A311-31C6164158FE}.Debug|Any CPU.ActiveCfg = Debug|Any CPU
		{1803DBFC-89A4-47A0-A311-31C6164158FE}.Debug|Any CPU.Build.0 = Debug|Any CPU
		{1803DBFC-89A4-47A0-A311-31C6164158FE}.Release|Any CPU.ActiveCfg = Release|Any CPU
		{1803DBFC-89A4-47A0-A311-31C6164158FE}.Release|Any CPU.Build.0 = Release|Any CPU
	EndGlobalSection
	GlobalSection(SolutionProperties) = preSolution
		HideSolutionNode = FALSE
	EndGlobalSection
	GlobalSection(ExtensibilityGlobals) = postSolution
		SolutionGuid = {54D0E747-4DCB-4232-AEBD-728A4AC41EA5}
	EndGlobalSection
EndGlobal
