
Microsoft Visual Studio Solution File, Format Version 12.00
# Visual Studio Version 17
VisualStudioVersion = 17.10.34928.147
MinimumVisualStudioVersion = 10.0.40219.1
Project("{FAE04EC0-301F-11D3-BF4B-00C04F79EFBC}") = "bai10", "bai10\bai10.csproj", "{879564B7-A6E2-458C-8B0B-27608367749D}"
EndProject
Global
	GlobalSection(SolutionConfigurationPlatforms) = preSolution
		Debug|Any CPU = Debug|Any CPU
		Release|Any CPU = Release|Any CPU
	EndGlobalSection
	GlobalSection(ProjectConfigurationPlatforms) = postSolution
		{879564B7-A6E2-458C-8B0B-27608367749D}.Debug|Any CPU.ActiveCfg = Debug|Any CPU
		{879564B7-A6E2-458C-8B0B-27608367749D}.Debug|Any CPU.Build.0 = Debug|Any CPU
		{879564B7-A6E2-458C-8B0B-27608367749D}.Release|Any CPU.ActiveCfg = Release|Any CPU
		{879564B7-A6E2-458C-8B0B-27608367749D}.Release|Any CPU.Build.0 = Release|Any CPU
	EndGlobalSection
	GlobalSection(SolutionProperties) = preSolution
		HideSolutionNode = FALSE
	EndGlobalSection
	GlobalSection(ExtensibilityGlobals) = postSolution
		SolutionGuid = {420A72C1-C755-4E87-8B6B-A18FD9ABE352}
	EndGlobalSection
EndGlobal
