
Microsoft Visual Studio Solution File, Format Version 12.00
# Visual Studio Version 17
VisualStudioVersion = 17.10.34928.147
MinimumVisualStudioVersion = 10.0.40219.1
Project("{FAE04EC0-301F-11D3-BF4B-00C04F79EFBC}") = "bai8", "bai8\bai8.csproj", "{4229C3DF-BCE5-4950-9F29-508F625ACF2A}"
EndProject
Global
	GlobalSection(SolutionConfigurationPlatforms) = preSolution
		Debug|Any CPU = Debug|Any CPU
		Release|Any CPU = Release|Any CPU
	EndGlobalSection
	GlobalSection(ProjectConfigurationPlatforms) = postSolution
		{4229C3DF-BCE5-4950-9F29-508F625ACF2A}.Debug|Any CPU.ActiveCfg = Debug|Any CPU
		{4229C3DF-BCE5-4950-9F29-508F625ACF2A}.Debug|Any CPU.Build.0 = Debug|Any CPU
		{4229C3DF-BCE5-4950-9F29-508F625ACF2A}.Release|Any CPU.ActiveCfg = Release|Any CPU
		{4229C3DF-BCE5-4950-9F29-508F625ACF2A}.Release|Any CPU.Build.0 = Release|Any CPU
	EndGlobalSection
	GlobalSection(SolutionProperties) = preSolution
		HideSolutionNode = FALSE
	EndGlobalSection
	GlobalSection(ExtensibilityGlobals) = postSolution
		SolutionGuid = {61B9A4DB-210A-4932-9F56-F9C7CE2E398A}
	EndGlobalSection
EndGlobal
